<?xml version="1.0" encoding="UTF-8" standalone="yes" ?>
<CodeBlocks_project_file>
	<FileVersion major="1" minor="6" />
	<Project>
		<Option title="ffmpeg" />
		<Option pch_mode="2" />
		<Option compiler="gcc" />
		<Build>
			<Target title="Debug">
				<Option output="bin/Debug/ffmpeg" prefix_auto="1" extension_auto="1" />
				<Option object_output="obj/Debug/" />
				<Option type="1" />
				<Option compiler="gcc" />
				<Option parameters="bin/Release/dossier/small.mp4 " />
				<Compiler>
					<Add option="-std=c++14" />
					<Add option="-g" />
				</Compiler>
				<Linker>
					<Add option="-liconv" />
				</Linker>
			</Target>
			<Target title="Release">
				<Option output="bin/Release/ffmpeg" prefix_auto="1" extension_auto="1" />
				<Option object_output="obj/Release/" />
				<Option type="1" />
				<Option compiler="gcc" />
				<Option parameters="dossier/small.mp4" />
				<Compiler>
					<Add option="-O2" />
				</Compiler>
				<Linker>
					<Add option="-s" />
				</Linker>
			</Target>
		</Build>
		<Compiler>
			<Add option="-Wall" />
			<Add option="-std=c++14" />
			<Add option="-g" />
			<Add option="-fexceptions" />
			<Add directory="C:/MinGW/include" />
			<Add directory="C:/Users/rathesh/Downloads/ffmpeg-latest-win32-dev/include" />
		</Compiler>
		<Linker>
			<Add option="-liconv" />
			<Add option="-static-libstdc++" />
			<Add option="-static-libgcc" />
			<Add library="libavformat.dll.a" />
			<Add library="libavcodec.dll.a" />
			<Add library="libswscale.dll.a" />
			<Add library="libavutil.dll.a" />
			<Add library="libswresample.dll.a" />
			<Add library="libavfilter.dll.a" />
			<Add library="mingw32" />
			<Add library="SDLmain" />
			<Add library="SDL.dll" />
			<Add library="user32" />
			<Add library="gdi32" />
			<Add library="winmm" />
			<Add library="dxguid" />
			<Add library="libSDL.dll.a" />
			<Add library="libSDLmain.a" />
			<Add library="C:/MinGW/lib/SDLimage_lib/libjpeg-8.dll" />
			<Add library="C:/MinGW/lib/SDLimage_lib/libpng15-15.dll" />
			<Add library="C:/MinGW/lib/SDLimage_lib/libtiff-5.dll" />
			<Add library="C:/MinGW/lib/SDLimage_lib/libwebp-2.dll" />
			<Add library="C:/MinGW/lib/SDLimage_lib/zlib1.dll" />
			<Add library="C:/MinGW/lib/SDLimage_lib/SDL_image.dll" />
			<Add directory="C:/Users/rathesh/Downloads/ffmpeg-latest-win32-dev/lib" />
			<Add directory="C:/MinGW/lib/SDL_lib" />
		</Linker>
		<Unit filename="main.cpp" />
		<Extensions>
			<code_completion />
			<envvars />
			<debugger />
		</Extensions>
	</Project>
</CodeBlocks_project_file>
